
Microsoft Visual Studio Solution File, Format Version 12.00
# Visual Studio 15
VisualStudioVersion = 15.0.28307.106
MinimumVisualStudioVersion = 10.0.40219.1
Project("{FAE04EC0-301F-11D3-BF4B-00C04F79EFBC}") = "inVent", "inVent\inVent.csproj", "{91F62BEA-BDA1-42F6-AE5C-2A417F18E924}"
EndProject
Global
	GlobalSection(SolutionConfigurationPlatforms) = preSolution
		Debug|Any CPU = Debug|Any CPU
		Release|Any CPU = Release|Any CPU
	EndGlobalSection
	GlobalSection(ProjectConfigurationPlatforms) = postSolution
		{91F62BEA-BDA1-42F6-AE5C-2A417F18E924}.Debug|Any CPU.ActiveCfg = Debug|Any CPU
		{91F62BEA-BDA1-42F6-AE5C-2A417F18E924}.Debug|Any CPU.Build.0 = Debug|Any CPU
		{91F62BEA-BDA1-42F6-AE5C-2A417F18E924}.Release|Any CPU.ActiveCfg = Release|Any CPU
		{91F62BEA-BDA1-42F6-AE5C-2A417F18E924}.Release|Any CPU.Build.0 = Release|Any CPU
	EndGlobalSection
	GlobalSection(SolutionProperties) = preSolution
		HideSolutionNode = FALSE
	EndGlobalSection
	GlobalSection(ExtensibilityGlobals) = postSolution
		SolutionGuid = {C09A7FFF-E1B8-46DE-BA53-DF2701D19C37}
	EndGlobalSection
EndGlobal
