
Microsoft Visual Studio Solution File, Format Version 12.00
# Visual Studio 15
VisualStudioVersion = 15.0.28307.106
MinimumVisualStudioVersion = 10.0.40219.1
Project("{FAE04EC0-301F-11D3-BF4B-00C04F79EFBC}") = "inVent.Data", "inVent.Data\inVent.Data.csproj", "{2879C41C-3D15-43FB-AF49-08B78094F0C0}"
EndProject
Project("{FAE04EC0-301F-11D3-BF4B-00C04F79EFBC}") = "inVent.Services", "inVent.Services\inVent.Services.csproj", "{28F02F2E-EEF8-4035-96F2-AB32CB0FC91A}"
EndProject
Project("{FAE04EC0-301F-11D3-BF4B-00C04F79EFBC}") = "inVent.Web", "inVent.Web\inVent.Web.csproj", "{049E9C6E-86C9-4237-8E1E-0BFB21D19F8A}"
EndProject
Project("{FAE04EC0-301F-11D3-BF4B-00C04F79EFBC}") = "inVent.Models", "inVent.Models\inVent.Models.csproj", "{04EA4F65-D1C4-490E-AAC7-5177FFC13C66}"
EndProject
Project("{FAE04EC0-301F-11D3-BF4B-00C04F79EFBC}") = "inVent.Contracts", "inVent.Contracts\inVent.Contracts.csproj", "{AE08CC72-397D-48D3-82C3-56C5ED93CC72}"
EndProject
Global
	GlobalSection(SolutionConfigurationPlatforms) = preSolution
		Debug|Any CPU = Debug|Any CPU
		Release|Any CPU = Release|Any CPU
	EndGlobalSection
	GlobalSection(ProjectConfigurationPlatforms) = postSolution
		{2879C41C-3D15-43FB-AF49-08B78094F0C0}.Debug|Any CPU.ActiveCfg = Debug|Any CPU
		{2879C41C-3D15-43FB-AF49-08B78094F0C0}.Debug|Any CPU.Build.0 = Debug|Any CPU
		{2879C41C-3D15-43FB-AF49-08B78094F0C0}.Release|Any CPU.ActiveCfg = Release|Any CPU
		{2879C41C-3D15-43FB-AF49-08B78094F0C0}.Release|Any CPU.Build.0 = Release|Any CPU
		{28F02F2E-EEF8-4035-96F2-AB32CB0FC91A}.Debug|Any CPU.ActiveCfg = Debug|Any CPU
		{28F02F2E-EEF8-4035-96F2-AB32CB0FC91A}.Debug|Any CPU.Build.0 = Debug|Any CPU
		{28F02F2E-EEF8-4035-96F2-AB32CB0FC91A}.Release|Any CPU.ActiveCfg = Release|Any CPU
		{28F02F2E-EEF8-4035-96F2-AB32CB0FC91A}.Release|Any CPU.Build.0 = Release|Any CPU
		{049E9C6E-86C9-4237-8E1E-0BFB21D19F8A}.Debug|Any CPU.ActiveCfg = Debug|Any CPU
		{049E9C6E-86C9-4237-8E1E-0BFB21D19F8A}.Debug|Any CPU.Build.0 = Debug|Any CPU
		{049E9C6E-86C9-4237-8E1E-0BFB21D19F8A}.Release|Any CPU.ActiveCfg = Release|Any CPU
		{049E9C6E-86C9-4237-8E1E-0BFB21D19F8A}.Release|Any CPU.Build.0 = Release|Any CPU
		{04EA4F65-D1C4-490E-AAC7-5177FFC13C66}.Debug|Any CPU.ActiveCfg = Debug|Any CPU
		{04EA4F65-D1C4-490E-AAC7-5177FFC13C66}.Debug|Any CPU.Build.0 = Debug|Any CPU
		{04EA4F65-D1C4-490E-AAC7-5177FFC13C66}.Release|Any CPU.ActiveCfg = Release|Any CPU
		{04EA4F65-D1C4-490E-AAC7-5177FFC13C66}.Release|Any CPU.Build.0 = Release|Any CPU
		{AE08CC72-397D-48D3-82C3-56C5ED93CC72}.Debug|Any CPU.ActiveCfg = Debug|Any CPU
		{AE08CC72-397D-48D3-82C3-56C5ED93CC72}.Debug|Any CPU.Build.0 = Debug|Any CPU
		{AE08CC72-397D-48D3-82C3-56C5ED93CC72}.Release|Any CPU.ActiveCfg = Release|Any CPU
		{AE08CC72-397D-48D3-82C3-56C5ED93CC72}.Release|Any CPU.Build.0 = Release|Any CPU
	EndGlobalSection
	GlobalSection(SolutionProperties) = preSolution
		HideSolutionNode = FALSE
	EndGlobalSection
	GlobalSection(ExtensibilityGlobals) = postSolution
		SolutionGuid = {C09A7FFF-E1B8-46DE-BA53-DF2701D19C37}
	EndGlobalSection
EndGlobal
